
Microsoft Visual Studio Solution File, Format Version 12.00
# Visual Studio Version 17
VisualStudioVersion = 17.8.34330.188
MinimumVisualStudioVersion = 10.0.40219.1
Project("{8BC9CEB8-8B4A-11D0-8D11-00A0C91BC942}") = "Muviz", "Muviz.vcxproj", "{C3B71808-BE89-4B10-AD4D-2FB1CA7DF321}"
EndProject
Global
	GlobalSection(SolutionConfigurationPlatforms) = preSolution
		Debug|x64 = Debug|x64
		Debug|x86 = Debug|x86
		Release|x64 = Release|x64
		Release|x86 = Release|x86
	EndGlobalSection
	GlobalSection(ProjectConfigurationPlatforms) = postSolution
		{C3B71808-BE89-4B10-AD4D-2FB1CA7DF321}.Debug|x64.ActiveCfg = Debug|x64
		{C3B71808-BE89-4B10-AD4D-2FB1CA7DF321}.Debug|x64.Build.0 = Debug|x64
		{C3B71808-BE89-4B10-AD4D-2FB1CA7DF321}.Debug|x86.ActiveCfg = Debug|Win32
		{C3B71808-BE89-4B10-AD4D-2FB1CA7DF321}.Debug|x86.Build.0 = Debug|Win32
		{C3B71808-BE89-4B10-AD4D-2FB1CA7DF321}.Release|x64.ActiveCfg = Release|x64
		{C3B71808-BE89-4B10-AD4D-2FB1CA7DF321}.Release|x64.Build.0 = Release|x64
		{C3B71808-BE89-4B10-AD4D-2FB1CA7DF321}.Release|x86.ActiveCfg = Release|Win32
		{C3B71808-BE89-4B10-AD4D-2FB1CA7DF321}.Release|x86.Build.0 = Release|Win32
	EndGlobalSection
	GlobalSection(SolutionProperties) = preSolution
		HideSolutionNode = FALSE
	EndGlobalSection
	GlobalSection(ExtensibilityGlobals) = postSolution
		SolutionGuid = {EABFE0A4-A866-41D6-A4D6-6E7605C9630C}
	EndGlobalSection
EndGlobal
